
Microsoft Visual Studio Solution File, Format Version 12.00
# Visual Studio Version 17
VisualStudioVersion = 17.0.31903.59
MinimumVisualStudioVersion = 10.0.40219.1
Project("{9A19103F-16F7-4668-BE54-9A1E7A4F7556}") = "KurierzyDomain", "KurierzyDomain\KurierzyDomain.csproj", "{FCD0E678-CB56-4323-AA96-3A4B3D8A217A}"
EndProject
Project("{9A19103F-16F7-4668-BE54-9A1E7A4F7556}") = "KurierzyDTOs", "KurierzyDTOs\KurierzyDTOs.csproj", "{605D80EC-E0F6-4891-AA33-289C4350B22B}"
EndProject
Project("{9A19103F-16F7-4668-BE54-9A1E7A4F7556}") = "KurierzyDB", "KurierzyDB\KurierzyDB.csproj", "{593813D1-9FE5-4C72-8534-10C1E6D62E0F}"
EndProject
Project("{9A19103F-16F7-4668-BE54-9A1E7A4F7556}") = "KurierzyService", "KurierzyService\KurierzyService.csproj", "{6F2512E7-FF7A-4AB9-B9A0-849ACE111204}"
EndProject
Project("{9A19103F-16F7-4668-BE54-9A1E7A4F7556}") = "KurierzyAPI", "KurierzyAPI\KurierzyAPI.csproj", "{B3234BD6-2D96-4D07-9570-1E0EAD703C13}"
EndProject
Project("{9A19103F-16F7-4668-BE54-9A1E7A4F7556}") = "KurierzyTests", "KurierzyTests\KurierzyTests.csproj", "{42E26381-BED0-461D-9BEE-7FE1D5B20F9A}"
EndProject
Project("{FAE04EC0-301F-11D3-BF4B-00C04F79EFBC}") = "KurierzyClient", "KurierzyClient\KurierzyClient.csproj", "{81DD7012-1775-4A59-AEDA-4FD1542B64A4}"
EndProject
Global
	GlobalSection(SolutionConfigurationPlatforms) = preSolution
		Debug|Any CPU = Debug|Any CPU
		Release|Any CPU = Release|Any CPU
	EndGlobalSection
	GlobalSection(ProjectConfigurationPlatforms) = postSolution
		{FCD0E678-CB56-4323-AA96-3A4B3D8A217A}.Debug|Any CPU.ActiveCfg = Debug|Any CPU
		{FCD0E678-CB56-4323-AA96-3A4B3D8A217A}.Debug|Any CPU.Build.0 = Debug|Any CPU
		{FCD0E678-CB56-4323-AA96-3A4B3D8A217A}.Release|Any CPU.ActiveCfg = Release|Any CPU
		{FCD0E678-CB56-4323-AA96-3A4B3D8A217A}.Release|Any CPU.Build.0 = Release|Any CPU
		{605D80EC-E0F6-4891-AA33-289C4350B22B}.Debug|Any CPU.ActiveCfg = Debug|Any CPU
		{605D80EC-E0F6-4891-AA33-289C4350B22B}.Debug|Any CPU.Build.0 = Debug|Any CPU
		{605D80EC-E0F6-4891-AA33-289C4350B22B}.Release|Any CPU.ActiveCfg = Release|Any CPU
		{605D80EC-E0F6-4891-AA33-289C4350B22B}.Release|Any CPU.Build.0 = Release|Any CPU
		{593813D1-9FE5-4C72-8534-10C1E6D62E0F}.Debug|Any CPU.ActiveCfg = Debug|Any CPU
		{593813D1-9FE5-4C72-8534-10C1E6D62E0F}.Debug|Any CPU.Build.0 = Debug|Any CPU
		{593813D1-9FE5-4C72-8534-10C1E6D62E0F}.Release|Any CPU.ActiveCfg = Release|Any CPU
		{593813D1-9FE5-4C72-8534-10C1E6D62E0F}.Release|Any CPU.Build.0 = Release|Any CPU
		{6F2512E7-FF7A-4AB9-B9A0-849ACE111204}.Debug|Any CPU.ActiveCfg = Debug|Any CPU
		{6F2512E7-FF7A-4AB9-B9A0-849ACE111204}.Debug|Any CPU.Build.0 = Debug|Any CPU
		{6F2512E7-FF7A-4AB9-B9A0-849ACE111204}.Release|Any CPU.ActiveCfg = Release|Any CPU
		{6F2512E7-FF7A-4AB9-B9A0-849ACE111204}.Release|Any CPU.Build.0 = Release|Any CPU
		{B3234BD6-2D96-4D07-9570-1E0EAD703C13}.Debug|Any CPU.ActiveCfg = Debug|Any CPU
		{B3234BD6-2D96-4D07-9570-1E0EAD703C13}.Debug|Any CPU.Build.0 = Debug|Any CPU
		{B3234BD6-2D96-4D07-9570-1E0EAD703C13}.Release|Any CPU.ActiveCfg = Release|Any CPU
		{B3234BD6-2D96-4D07-9570-1E0EAD703C13}.Release|Any CPU.Build.0 = Release|Any CPU
		{42E26381-BED0-461D-9BEE-7FE1D5B20F9A}.Debug|Any CPU.ActiveCfg = Debug|Any CPU
		{42E26381-BED0-461D-9BEE-7FE1D5B20F9A}.Debug|Any CPU.Build.0 = Debug|Any CPU
		{42E26381-BED0-461D-9BEE-7FE1D5B20F9A}.Release|Any CPU.ActiveCfg = Release|Any CPU
		{42E26381-BED0-461D-9BEE-7FE1D5B20F9A}.Release|Any CPU.Build.0 = Release|Any CPU
		{81DD7012-1775-4A59-AEDA-4FD1542B64A4}.Debug|Any CPU.ActiveCfg = Debug|Any CPU
		{81DD7012-1775-4A59-AEDA-4FD1542B64A4}.Debug|Any CPU.Build.0 = Debug|Any CPU
		{81DD7012-1775-4A59-AEDA-4FD1542B64A4}.Release|Any CPU.ActiveCfg = Release|Any CPU
		{81DD7012-1775-4A59-AEDA-4FD1542B64A4}.Release|Any CPU.Build.0 = Release|Any CPU
	EndGlobalSection
	GlobalSection(SolutionProperties) = preSolution
		HideSolutionNode = FALSE
	EndGlobalSection
	GlobalSection(ExtensibilityGlobals) = postSolution
		SolutionGuid = {0D0DA1B5-DDB3-4980-B28B-375BEE26D2B8}
	EndGlobalSection
EndGlobal
